
Microsoft Visual Studio Solution File, Format Version 12.00
# Visual Studio Version 16
VisualStudioVersion = 16.0.31729.503
MinimumVisualStudioVersion = 10.0.40219.1
Project("{FAE04EC0-301F-11D3-BF4B-00C04F79EFBC}") = "CW", "CW.csproj", "{BC1A63D7-EB5B-4130-BB3F-8373C67A3F56}"
EndProject
Global
	GlobalSection(SolutionConfigurationPlatforms) = preSolution
		Debug|Any CPU = Debug|Any CPU
		Release|Any CPU = Release|Any CPU
	EndGlobalSection
	GlobalSection(ProjectConfigurationPlatforms) = postSolution
		{BC1A63D7-EB5B-4130-BB3F-8373C67A3F56}.Debug|Any CPU.ActiveCfg = Debug|Any CPU
		{BC1A63D7-EB5B-4130-BB3F-8373C67A3F56}.Debug|Any CPU.Build.0 = Debug|Any CPU
		{BC1A63D7-EB5B-4130-BB3F-8373C67A3F56}.Release|Any CPU.ActiveCfg = Release|Any CPU
		{BC1A63D7-EB5B-4130-BB3F-8373C67A3F56}.Release|Any CPU.Build.0 = Release|Any CPU
	EndGlobalSection
	GlobalSection(SolutionProperties) = preSolution
		HideSolutionNode = FALSE
	EndGlobalSection
	GlobalSection(ExtensibilityGlobals) = postSolution
		SolutionGuid = {D82E6932-8E0E-43F0-8329-0954A61B91C7}
	EndGlobalSection
EndGlobal
